
Microsoft Visual Studio Solution File, Format Version 12.00
# Visual Studio Version 16
VisualStudioVersion = 16.0.31613.86
MinimumVisualStudioVersion = 10.0.40219.1
Project("{FAE04EC0-301F-11D3-BF4B-00C04F79EFBC}") = "git.test", "git.test\git.test.csproj", "{7DE9D881-95EC-438D-A36E-37822B3CC1B9}"
EndProject
Global
	GlobalSection(SolutionConfigurationPlatforms) = preSolution
		Debug|Any CPU = Debug|Any CPU
		Release|Any CPU = Release|Any CPU
	EndGlobalSection
	GlobalSection(ProjectConfigurationPlatforms) = postSolution
		{7DE9D881-95EC-438D-A36E-37822B3CC1B9}.Debug|Any CPU.ActiveCfg = Debug|Any CPU
		{7DE9D881-95EC-438D-A36E-37822B3CC1B9}.Debug|Any CPU.Build.0 = Debug|Any CPU
		{7DE9D881-95EC-438D-A36E-37822B3CC1B9}.Release|Any CPU.ActiveCfg = Release|Any CPU
		{7DE9D881-95EC-438D-A36E-37822B3CC1B9}.Release|Any CPU.Build.0 = Release|Any CPU
	EndGlobalSection
	GlobalSection(SolutionProperties) = preSolution
		HideSolutionNode = FALSE
	EndGlobalSection
	GlobalSection(ExtensibilityGlobals) = postSolution
		SolutionGuid = {390577A2-A5A4-4DB9-A015-2DAFD626976C}
	EndGlobalSection
EndGlobal
